
Microsoft Visual Studio Solution File, Format Version 12.00
# Visual Studio 15
VisualStudioVersion = 15.0.27703.2047
MinimumVisualStudioVersion = 10.0.40219.1
Project("{9A19103F-16F7-4668-BE54-9A1E7A4F7556}") = "dotnetcore-k8s-demo", "dotnetcore-k8s-demo\dotnetcore-k8s-demo.csproj", "{33F8A791-BEF0-4926-884A-5209CE6C51AE}"
EndProject
Project("{E53339B2-1760-4266-BCC7-CA923CBCF16C}") = "docker-compose", "docker-compose.dcproj", "{8222EFBB-757E-41D3-9F5D-04E461232D17}"
EndProject
Global
	GlobalSection(SolutionConfigurationPlatforms) = preSolution
		Debug|Any CPU = Debug|Any CPU
		Release|Any CPU = Release|Any CPU
	EndGlobalSection
	GlobalSection(ProjectConfigurationPlatforms) = postSolution
		{33F8A791-BEF0-4926-884A-5209CE6C51AE}.Debug|Any CPU.ActiveCfg = Debug|Any CPU
		{33F8A791-BEF0-4926-884A-5209CE6C51AE}.Debug|Any CPU.Build.0 = Debug|Any CPU
		{33F8A791-BEF0-4926-884A-5209CE6C51AE}.Release|Any CPU.ActiveCfg = Release|Any CPU
		{33F8A791-BEF0-4926-884A-5209CE6C51AE}.Release|Any CPU.Build.0 = Release|Any CPU
		{8222EFBB-757E-41D3-9F5D-04E461232D17}.Debug|Any CPU.ActiveCfg = Debug|Any CPU
		{8222EFBB-757E-41D3-9F5D-04E461232D17}.Debug|Any CPU.Build.0 = Debug|Any CPU
		{8222EFBB-757E-41D3-9F5D-04E461232D17}.Release|Any CPU.ActiveCfg = Release|Any CPU
		{8222EFBB-757E-41D3-9F5D-04E461232D17}.Release|Any CPU.Build.0 = Release|Any CPU
	EndGlobalSection
	GlobalSection(SolutionProperties) = preSolution
		HideSolutionNode = FALSE
	EndGlobalSection
	GlobalSection(ExtensibilityGlobals) = postSolution
		SolutionGuid = {16BEFB5D-F6DB-4D3A-8D4A-44F111F11729}
	EndGlobalSection
EndGlobal
